
Microsoft Visual Studio Solution File, Format Version 12.00
# Visual Studio 14
VisualStudioVersion = 14.0.25420.1
MinimumVisualStudioVersion = 10.0.40219.1
Project("{33AD0EE8-D99B-4E14-8CD9-3F56ABEF97A2}") = "DemoFunction", "DemoFunction\DemoFunction.funproj", "{BCC72DE0-8875-4D33-AD89-2AED094F07EA}"
EndProject
Project("{2150E333-8FDC-42A3-9474-1A3956D46DE8}") = "Real-Scenario", "Real-Scenario", "{70587EF7-1662-4261-866F-1CE3D412804C}"
EndProject
Project("{FAE04EC0-301F-11D3-BF4B-00C04F79EFBC}") = "LaporBot", "LaporBot\LaporBot.csproj", "{A8BA1066-5695-4D71-ABB4-65E5A5E0C3D4}"
EndProject
Project("{2150E333-8FDC-42A3-9474-1A3956D46DE8}") = "SmartCity", "SmartCity", "{2220E485-E3BF-48FD-A3BF-4BF00F01268E}"
EndProject
Project("{FAE04EC0-301F-11D3-BF4B-00C04F79EFBC}") = "LoraDataReceiver", "LoraDataReceiver\LoraDataReceiver.csproj", "{872177E1-2F8F-4217-A809-790FDC643CBF}"
EndProject
Project("{FAE04EC0-301F-11D3-BF4B-00C04F79EFBC}") = "LoraSensorSender", "LoraSensorSender\LoraSensorSender.csproj", "{07F9E8FD-2068-46C6-85EB-6A322EE70A6A}"
EndProject
Project("{FAE04EC0-301F-11D3-BF4B-00C04F79EFBC}") = "SensorNode", "SensorNode\SensorNode.csproj", "{EE9E711F-2D5F-449C-BD52-940197AAE051}"
EndProject
Project("{2150E333-8FDC-42A3-9474-1A3956D46DE8}") = "SDK", "SDK", "{755F6EA7-6C73-42B7-82B7-6460D55E43FB}"
EndProject
Project("{FAE04EC0-301F-11D3-BF4B-00C04F79EFBC}") = "Microsoft.Azure.Devices.Client.Http.NetMF_43", "..\AzureIoTSDK\device\Microsoft.Azure.Devices.Client.NetMF\HttpClient_43\Microsoft.Azure.Devices.Client.Http.NetMF_43.csproj", "{53A7FF93-E9F0-4C7C-8F46-6E5D1E1B6B2C}"
EndProject
Project("{2150E333-8FDC-42A3-9474-1A3956D46DE8}") = "CameraApp", "CameraApp", "{2EEDEE85-ECB2-4092-9BA7-8E99F5EF74CE}"
EndProject
Project("{FAE04EC0-301F-11D3-BF4B-00C04F79EFBC}") = "CamApp", "CamApp\CamApp.csproj", "{30C97DB5-FFBC-4ECC-970F-6D6DE5F175A4}"
EndProject
Project("{2150E333-8FDC-42A3-9474-1A3956D46DE8}") = "PU Report", "PU Report", "{392A8784-33D7-42F4-9552-AD8C4BE2B555}"
EndProject
Project("{E24C65DC-7377-472B-9ABA-BC803B73C61A}") = "ReportWeb", "ReportWeb\", "{9CEB4F3D-2A60-4C44-A976-A111E374FF45}"
	ProjectSection(WebsiteProperties) = preProject
		TargetFrameworkMoniker = ".NETFramework,Version%3Dv4.5.2"
		Debug.AspNetCompiler.VirtualPath = "/localhost_3441"
		Debug.AspNetCompiler.PhysicalPath = "ReportWeb\"
		Debug.AspNetCompiler.TargetPath = "PrecompiledWeb\localhost_3441\"
		Debug.AspNetCompiler.Updateable = "true"
		Debug.AspNetCompiler.ForceOverwrite = "true"
		Debug.AspNetCompiler.FixedNames = "false"
		Debug.AspNetCompiler.Debug = "True"
		Release.AspNetCompiler.VirtualPath = "/localhost_3441"
		Release.AspNetCompiler.PhysicalPath = "ReportWeb\"
		Release.AspNetCompiler.TargetPath = "PrecompiledWeb\localhost_3441\"
		Release.AspNetCompiler.Updateable = "true"
		Release.AspNetCompiler.ForceOverwrite = "true"
		Release.AspNetCompiler.FixedNames = "false"
		Release.AspNetCompiler.Debug = "False"
		VWDPort = "3441"
		SlnRelativePath = "ReportWeb\"
		DefaultWebSiteLanguage = "Visual C#"
	EndProjectSection
EndProject
Project("{2150E333-8FDC-42A3-9474-1A3956D46DE8}") = "Dashboard", "Dashboard", "{9897D79A-FBD1-49FA-921E-43E50759761B}"
EndProject
Project("{E24C65DC-7377-472B-9ABA-BC803B73C61A}") = "SmartDashboard", "SmartDashboard\", "{1944EA59-0AB8-4B6D-81C2-9CCB3C38E4F1}"
	ProjectSection(WebsiteProperties) = preProject
		TargetFrameworkMoniker = ".NETFramework,Version%3Dv4.5.2"
		Debug.AspNetCompiler.VirtualPath = "/localhost_5030"
		Debug.AspNetCompiler.PhysicalPath = "SmartDashboard\"
		Debug.AspNetCompiler.TargetPath = "PrecompiledWeb\localhost_5030\"
		Debug.AspNetCompiler.Updateable = "true"
		Debug.AspNetCompiler.ForceOverwrite = "true"
		Debug.AspNetCompiler.FixedNames = "false"
		Debug.AspNetCompiler.Debug = "True"
		Release.AspNetCompiler.VirtualPath = "/localhost_5030"
		Release.AspNetCompiler.PhysicalPath = "SmartDashboard\"
		Release.AspNetCompiler.TargetPath = "PrecompiledWeb\localhost_5030\"
		Release.AspNetCompiler.Updateable = "true"
		Release.AspNetCompiler.ForceOverwrite = "true"
		Release.AspNetCompiler.FixedNames = "false"
		Release.AspNetCompiler.Debug = "False"
		VWDPort = "5030"
		SlnRelativePath = "SmartDashboard\"
		DefaultWebSiteLanguage = "Visual C#"
	EndProjectSection
EndProject
Global
	GlobalSection(SolutionConfigurationPlatforms) = preSolution
		Ad-Hoc|Any CPU = Ad-Hoc|Any CPU
		Ad-Hoc|ARM = Ad-Hoc|ARM
		Ad-Hoc|iPhone = Ad-Hoc|iPhone
		Ad-Hoc|iPhoneSimulator = Ad-Hoc|iPhoneSimulator
		Ad-Hoc|x64 = Ad-Hoc|x64
		Ad-Hoc|x86 = Ad-Hoc|x86
		AppStore|Any CPU = AppStore|Any CPU
		AppStore|ARM = AppStore|ARM
		AppStore|iPhone = AppStore|iPhone
		AppStore|iPhoneSimulator = AppStore|iPhoneSimulator
		AppStore|x64 = AppStore|x64
		AppStore|x86 = AppStore|x86
		Debug|Any CPU = Debug|Any CPU
		Debug|ARM = Debug|ARM
		Debug|iPhone = Debug|iPhone
		Debug|iPhoneSimulator = Debug|iPhoneSimulator
		Debug|x64 = Debug|x64
		Debug|x86 = Debug|x86
		Release_Delay_Sign|Any CPU = Release_Delay_Sign|Any CPU
		Release_Delay_Sign|ARM = Release_Delay_Sign|ARM
		Release_Delay_Sign|iPhone = Release_Delay_Sign|iPhone
		Release_Delay_Sign|iPhoneSimulator = Release_Delay_Sign|iPhoneSimulator
		Release_Delay_Sign|x64 = Release_Delay_Sign|x64
		Release_Delay_Sign|x86 = Release_Delay_Sign|x86
		Release|Any CPU = Release|Any CPU
		Release|ARM = Release|ARM
		Release|iPhone = Release|iPhone
		Release|iPhoneSimulator = Release|iPhoneSimulator
		Release|x64 = Release|x64
		Release|x86 = Release|x86
	EndGlobalSection
	GlobalSection(ProjectConfigurationPlatforms) = postSolution
		{BCC72DE0-8875-4D33-AD89-2AED094F07EA}.Ad-Hoc|Any CPU.ActiveCfg = Release|Any CPU
		{BCC72DE0-8875-4D33-AD89-2AED094F07EA}.Ad-Hoc|Any CPU.Build.0 = Release|Any CPU
		{BCC72DE0-8875-4D33-AD89-2AED094F07EA}.Ad-Hoc|ARM.ActiveCfg = Release|Any CPU
		{BCC72DE0-8875-4D33-AD89-2AED094F07EA}.Ad-Hoc|ARM.Build.0 = Release|Any CPU
		{BCC72DE0-8875-4D33-AD89-2AED094F07EA}.Ad-Hoc|iPhone.ActiveCfg = Release|Any CPU
		{BCC72DE0-8875-4D33-AD89-2AED094F07EA}.Ad-Hoc|iPhone.Build.0 = Release|Any CPU
		{BCC72DE0-8875-4D33-AD89-2AED094F07EA}.Ad-Hoc|iPhoneSimulator.ActiveCfg = Release|Any CPU
		{BCC72DE0-8875-4D33-AD89-2AED094F07EA}.Ad-Hoc|iPhoneSimulator.Build.0 = Release|Any CPU
		{BCC72DE0-8875-4D33-AD89-2AED094F07EA}.Ad-Hoc|x64.ActiveCfg = Release|Any CPU
		{BCC72DE0-8875-4D33-AD89-2AED094F07EA}.Ad-Hoc|x64.Build.0 = Release|Any CPU
		{BCC72DE0-8875-4D33-AD89-2AED094F07EA}.Ad-Hoc|x86.ActiveCfg = Release|Any CPU
		{BCC72DE0-8875-4D33-AD89-2AED094F07EA}.Ad-Hoc|x86.Build.0 = Release|Any CPU
		{BCC72DE0-8875-4D33-AD89-2AED094F07EA}.AppStore|Any CPU.ActiveCfg = Release|Any CPU
		{BCC72DE0-8875-4D33-AD89-2AED094F07EA}.AppStore|Any CPU.Build.0 = Release|Any CPU
		{BCC72DE0-8875-4D33-AD89-2AED094F07EA}.AppStore|ARM.ActiveCfg = Release|Any CPU
		{BCC72DE0-8875-4D33-AD89-2AED094F07EA}.AppStore|ARM.Build.0 = Release|Any CPU
		{BCC72DE0-8875-4D33-AD89-2AED094F07EA}.AppStore|iPhone.ActiveCfg = Release|Any CPU
		{BCC72DE0-8875-4D33-AD89-2AED094F07EA}.AppStore|iPhone.Build.0 = Release|Any CPU
		{BCC72DE0-8875-4D33-AD89-2AED094F07EA}.AppStore|iPhoneSimulator.ActiveCfg = Release|Any CPU
		{BCC72DE0-8875-4D33-AD89-2AED094F07EA}.AppStore|iPhoneSimulator.Build.0 = Release|Any CPU
		{BCC72DE0-8875-4D33-AD89-2AED094F07EA}.AppStore|x64.ActiveCfg = Release|Any CPU
		{BCC72DE0-8875-4D33-AD89-2AED094F07EA}.AppStore|x64.Build.0 = Release|Any CPU
		{BCC72DE0-8875-4D33-AD89-2AED094F07EA}.AppStore|x86.ActiveCfg = Release|Any CPU
		{BCC72DE0-8875-4D33-AD89-2AED094F07EA}.AppStore|x86.Build.0 = Release|Any CPU
		{BCC72DE0-8875-4D33-AD89-2AED094F07EA}.Debug|Any CPU.ActiveCfg = Debug|Any CPU
		{BCC72DE0-8875-4D33-AD89-2AED094F07EA}.Debug|Any CPU.Build.0 = Debug|Any CPU
		{BCC72DE0-8875-4D33-AD89-2AED094F07EA}.Debug|ARM.ActiveCfg = Debug|Any CPU
		{BCC72DE0-8875-4D33-AD89-2AED094F07EA}.Debug|ARM.Build.0 = Debug|Any CPU
		{BCC72DE0-8875-4D33-AD89-2AED094F07EA}.Debug|iPhone.ActiveCfg = Debug|Any CPU
		{BCC72DE0-8875-4D33-AD89-2AED094F07EA}.Debug|iPhone.Build.0 = Debug|Any CPU
		{BCC72DE0-8875-4D33-AD89-2AED094F07EA}.Debug|iPhoneSimulator.ActiveCfg = Debug|Any CPU
		{BCC72DE0-8875-4D33-AD89-2AED094F07EA}.Debug|iPhoneSimulator.Build.0 = Debug|Any CPU
		{BCC72DE0-8875-4D33-AD89-2AED094F07EA}.Debug|x64.ActiveCfg = Debug|Any CPU
		{BCC72DE0-8875-4D33-AD89-2AED094F07EA}.Debug|x64.Build.0 = Debug|Any CPU
		{BCC72DE0-8875-4D33-AD89-2AED094F07EA}.Debug|x86.ActiveCfg = Debug|Any CPU
		{BCC72DE0-8875-4D33-AD89-2AED094F07EA}.Debug|x86.Build.0 = Debug|Any CPU
		{BCC72DE0-8875-4D33-AD89-2AED094F07EA}.Release_Delay_Sign|Any CPU.ActiveCfg = Release|Any CPU
		{BCC72DE0-8875-4D33-AD89-2AED094F07EA}.Release_Delay_Sign|Any CPU.Build.0 = Release|Any CPU
		{BCC72DE0-8875-4D33-AD89-2AED094F07EA}.Release_Delay_Sign|ARM.ActiveCfg = Release|Any CPU
		{BCC72DE0-8875-4D33-AD89-2AED094F07EA}.Release_Delay_Sign|ARM.Build.0 = Release|Any CPU
		{BCC72DE0-8875-4D33-AD89-2AED094F07EA}.Release_Delay_Sign|iPhone.ActiveCfg = Release|Any CPU
		{BCC72DE0-8875-4D33-AD89-2AED094F07EA}.Release_Delay_Sign|iPhone.Build.0 = Release|Any CPU
		{BCC72DE0-8875-4D33-AD89-2AED094F07EA}.Release_Delay_Sign|iPhoneSimulator.ActiveCfg = Release|Any CPU
		{BCC72DE0-8875-4D33-AD89-2AED094F07EA}.Release_Delay_Sign|iPhoneSimulator.Build.0 = Release|Any CPU
		{BCC72DE0-8875-4D33-AD89-2AED094F07EA}.Release_Delay_Sign|x64.ActiveCfg = Release|Any CPU
		{BCC72DE0-8875-4D33-AD89-2AED094F07EA}.Release_Delay_Sign|x64.Build.0 = Release|Any CPU
		{BCC72DE0-8875-4D33-AD89-2AED094F07EA}.Release_Delay_Sign|x86.ActiveCfg = Release|Any CPU
		{BCC72DE0-8875-4D33-AD89-2AED094F07EA}.Release_Delay_Sign|x86.Build.0 = Release|Any CPU
		{BCC72DE0-8875-4D33-AD89-2AED094F07EA}.Release|Any CPU.ActiveCfg = Release|Any CPU
		{BCC72DE0-8875-4D33-AD89-2AED094F07EA}.Release|Any CPU.Build.0 = Release|Any CPU
		{BCC72DE0-8875-4D33-AD89-2AED094F07EA}.Release|ARM.ActiveCfg = Release|Any CPU
		{BCC72DE0-8875-4D33-AD89-2AED094F07EA}.Release|ARM.Build.0 = Release|Any CPU
		{BCC72DE0-8875-4D33-AD89-2AED094F07EA}.Release|iPhone.ActiveCfg = Release|Any CPU
		{BCC72DE0-8875-4D33-AD89-2AED094F07EA}.Release|iPhone.Build.0 = Release|Any CPU
		{BCC72DE0-8875-4D33-AD89-2AED094F07EA}.Release|iPhoneSimulator.ActiveCfg = Release|Any CPU
		{BCC72DE0-8875-4D33-AD89-2AED094F07EA}.Release|iPhoneSimulator.Build.0 = Release|Any CPU
		{BCC72DE0-8875-4D33-AD89-2AED094F07EA}.Release|x64.ActiveCfg = Release|Any CPU
		{BCC72DE0-8875-4D33-AD89-2AED094F07EA}.Release|x64.Build.0 = Release|Any CPU
		{BCC72DE0-8875-4D33-AD89-2AED094F07EA}.Release|x86.ActiveCfg = Release|Any CPU
		{BCC72DE0-8875-4D33-AD89-2AED094F07EA}.Release|x86.Build.0 = Release|Any CPU
		{A8BA1066-5695-4D71-ABB4-65E5A5E0C3D4}.Ad-Hoc|Any CPU.ActiveCfg = Release|Any CPU
		{A8BA1066-5695-4D71-ABB4-65E5A5E0C3D4}.Ad-Hoc|Any CPU.Build.0 = Release|Any CPU
		{A8BA1066-5695-4D71-ABB4-65E5A5E0C3D4}.Ad-Hoc|ARM.ActiveCfg = Release|Any CPU
		{A8BA1066-5695-4D71-ABB4-65E5A5E0C3D4}.Ad-Hoc|ARM.Build.0 = Release|Any CPU
		{A8BA1066-5695-4D71-ABB4-65E5A5E0C3D4}.Ad-Hoc|iPhone.ActiveCfg = Release|Any CPU
		{A8BA1066-5695-4D71-ABB4-65E5A5E0C3D4}.Ad-Hoc|iPhone.Build.0 = Release|Any CPU
		{A8BA1066-5695-4D71-ABB4-65E5A5E0C3D4}.Ad-Hoc|iPhoneSimulator.ActiveCfg = Release|Any CPU
		{A8BA1066-5695-4D71-ABB4-65E5A5E0C3D4}.Ad-Hoc|iPhoneSimulator.Build.0 = Release|Any CPU
		{A8BA1066-5695-4D71-ABB4-65E5A5E0C3D4}.Ad-Hoc|x64.ActiveCfg = Release|Any CPU
		{A8BA1066-5695-4D71-ABB4-65E5A5E0C3D4}.Ad-Hoc|x64.Build.0 = Release|Any CPU
		{A8BA1066-5695-4D71-ABB4-65E5A5E0C3D4}.Ad-Hoc|x86.ActiveCfg = Release|Any CPU
		{A8BA1066-5695-4D71-ABB4-65E5A5E0C3D4}.Ad-Hoc|x86.Build.0 = Release|Any CPU
		{A8BA1066-5695-4D71-ABB4-65E5A5E0C3D4}.AppStore|Any CPU.ActiveCfg = Release|Any CPU
		{A8BA1066-5695-4D71-ABB4-65E5A5E0C3D4}.AppStore|Any CPU.Build.0 = Release|Any CPU
		{A8BA1066-5695-4D71-ABB4-65E5A5E0C3D4}.AppStore|ARM.ActiveCfg = Release|Any CPU
		{A8BA1066-5695-4D71-ABB4-65E5A5E0C3D4}.AppStore|ARM.Build.0 = Release|Any CPU
		{A8BA1066-5695-4D71-ABB4-65E5A5E0C3D4}.AppStore|iPhone.ActiveCfg = Release|Any CPU
		{A8BA1066-5695-4D71-ABB4-65E5A5E0C3D4}.AppStore|iPhone.Build.0 = Release|Any CPU
		{A8BA1066-5695-4D71-ABB4-65E5A5E0C3D4}.AppStore|iPhoneSimulator.ActiveCfg = Release|Any CPU
		{A8BA1066-5695-4D71-ABB4-65E5A5E0C3D4}.AppStore|iPhoneSimulator.Build.0 = Release|Any CPU
		{A8BA1066-5695-4D71-ABB4-65E5A5E0C3D4}.AppStore|x64.ActiveCfg = Release|Any CPU
		{A8BA1066-5695-4D71-ABB4-65E5A5E0C3D4}.AppStore|x64.Build.0 = Release|Any CPU
		{A8BA1066-5695-4D71-ABB4-65E5A5E0C3D4}.AppStore|x86.ActiveCfg = Release|Any CPU
		{A8BA1066-5695-4D71-ABB4-65E5A5E0C3D4}.AppStore|x86.Build.0 = Release|Any CPU
		{A8BA1066-5695-4D71-ABB4-65E5A5E0C3D4}.Debug|Any CPU.ActiveCfg = Debug|Any CPU
		{A8BA1066-5695-4D71-ABB4-65E5A5E0C3D4}.Debug|Any CPU.Build.0 = Debug|Any CPU
		{A8BA1066-5695-4D71-ABB4-65E5A5E0C3D4}.Debug|ARM.ActiveCfg = Debug|Any CPU
		{A8BA1066-5695-4D71-ABB4-65E5A5E0C3D4}.Debug|ARM.Build.0 = Debug|Any CPU
		{A8BA1066-5695-4D71-ABB4-65E5A5E0C3D4}.Debug|iPhone.ActiveCfg = Debug|Any CPU
		{A8BA1066-5695-4D71-ABB4-65E5A5E0C3D4}.Debug|iPhone.Build.0 = Debug|Any CPU
		{A8BA1066-5695-4D71-ABB4-65E5A5E0C3D4}.Debug|iPhoneSimulator.ActiveCfg = Debug|Any CPU
		{A8BA1066-5695-4D71-ABB4-65E5A5E0C3D4}.Debug|iPhoneSimulator.Build.0 = Debug|Any CPU
		{A8BA1066-5695-4D71-ABB4-65E5A5E0C3D4}.Debug|x64.ActiveCfg = Debug|Any CPU
		{A8BA1066-5695-4D71-ABB4-65E5A5E0C3D4}.Debug|x64.Build.0 = Debug|Any CPU
		{A8BA1066-5695-4D71-ABB4-65E5A5E0C3D4}.Debug|x86.ActiveCfg = Debug|Any CPU
		{A8BA1066-5695-4D71-ABB4-65E5A5E0C3D4}.Debug|x86.Build.0 = Debug|Any CPU
		{A8BA1066-5695-4D71-ABB4-65E5A5E0C3D4}.Release_Delay_Sign|Any CPU.ActiveCfg = Release|Any CPU
		{A8BA1066-5695-4D71-ABB4-65E5A5E0C3D4}.Release_Delay_Sign|Any CPU.Build.0 = Release|Any CPU
		{A8BA1066-5695-4D71-ABB4-65E5A5E0C3D4}.Release_Delay_Sign|ARM.ActiveCfg = Release|Any CPU
		{A8BA1066-5695-4D71-ABB4-65E5A5E0C3D4}.Release_Delay_Sign|ARM.Build.0 = Release|Any CPU
		{A8BA1066-5695-4D71-ABB4-65E5A5E0C3D4}.Release_Delay_Sign|iPhone.ActiveCfg = Release|Any CPU
		{A8BA1066-5695-4D71-ABB4-65E5A5E0C3D4}.Release_Delay_Sign|iPhone.Build.0 = Release|Any CPU
		{A8BA1066-5695-4D71-ABB4-65E5A5E0C3D4}.Release_Delay_Sign|iPhoneSimulator.ActiveCfg = Release|Any CPU
		{A8BA1066-5695-4D71-ABB4-65E5A5E0C3D4}.Release_Delay_Sign|iPhoneSimulator.Build.0 = Release|Any CPU
		{A8BA1066-5695-4D71-ABB4-65E5A5E0C3D4}.Release_Delay_Sign|x64.ActiveCfg = Release|Any CPU
		{A8BA1066-5695-4D71-ABB4-65E5A5E0C3D4}.Release_Delay_Sign|x64.Build.0 = Release|Any CPU
		{A8BA1066-5695-4D71-ABB4-65E5A5E0C3D4}.Release_Delay_Sign|x86.ActiveCfg = Release|Any CPU
		{A8BA1066-5695-4D71-ABB4-65E5A5E0C3D4}.Release_Delay_Sign|x86.Build.0 = Release|Any CPU
		{A8BA1066-5695-4D71-ABB4-65E5A5E0C3D4}.Release|Any CPU.ActiveCfg = Release|Any CPU
		{A8BA1066-5695-4D71-ABB4-65E5A5E0C3D4}.Release|Any CPU.Build.0 = Release|Any CPU
		{A8BA1066-5695-4D71-ABB4-65E5A5E0C3D4}.Release|ARM.ActiveCfg = Release|Any CPU
		{A8BA1066-5695-4D71-ABB4-65E5A5E0C3D4}.Release|ARM.Build.0 = Release|Any CPU
		{A8BA1066-5695-4D71-ABB4-65E5A5E0C3D4}.Release|iPhone.ActiveCfg = Release|Any CPU
		{A8BA1066-5695-4D71-ABB4-65E5A5E0C3D4}.Release|iPhone.Build.0 = Release|Any CPU
		{A8BA1066-5695-4D71-ABB4-65E5A5E0C3D4}.Release|iPhoneSimulator.ActiveCfg = Release|Any CPU
		{A8BA1066-5695-4D71-ABB4-65E5A5E0C3D4}.Release|iPhoneSimulator.Build.0 = Release|Any CPU
		{A8BA1066-5695-4D71-ABB4-65E5A5E0C3D4}.Release|x64.ActiveCfg = Release|Any CPU
		{A8BA1066-5695-4D71-ABB4-65E5A5E0C3D4}.Release|x64.Build.0 = Release|Any CPU
		{A8BA1066-5695-4D71-ABB4-65E5A5E0C3D4}.Release|x86.ActiveCfg = Release|Any CPU
		{A8BA1066-5695-4D71-ABB4-65E5A5E0C3D4}.Release|x86.Build.0 = Release|Any CPU
		{872177E1-2F8F-4217-A809-790FDC643CBF}.Ad-Hoc|Any CPU.ActiveCfg = Release|Any CPU
		{872177E1-2F8F-4217-A809-790FDC643CBF}.Ad-Hoc|ARM.ActiveCfg = Release|Any CPU
		{872177E1-2F8F-4217-A809-790FDC643CBF}.Ad-Hoc|iPhone.ActiveCfg = Release|Any CPU
		{872177E1-2F8F-4217-A809-790FDC643CBF}.Ad-Hoc|iPhoneSimulator.ActiveCfg = Release|Any CPU
		{872177E1-2F8F-4217-A809-790FDC643CBF}.Ad-Hoc|x64.ActiveCfg = Release|Any CPU
		{872177E1-2F8F-4217-A809-790FDC643CBF}.Ad-Hoc|x86.ActiveCfg = Release|Any CPU
		{872177E1-2F8F-4217-A809-790FDC643CBF}.AppStore|Any CPU.ActiveCfg = Release|Any CPU
		{872177E1-2F8F-4217-A809-790FDC643CBF}.AppStore|ARM.ActiveCfg = Release|Any CPU
		{872177E1-2F8F-4217-A809-790FDC643CBF}.AppStore|iPhone.ActiveCfg = Release|Any CPU
		{872177E1-2F8F-4217-A809-790FDC643CBF}.AppStore|iPhoneSimulator.ActiveCfg = Release|Any CPU
		{872177E1-2F8F-4217-A809-790FDC643CBF}.AppStore|x64.ActiveCfg = Release|Any CPU
		{872177E1-2F8F-4217-A809-790FDC643CBF}.AppStore|x86.ActiveCfg = Release|Any CPU
		{872177E1-2F8F-4217-A809-790FDC643CBF}.Debug|Any CPU.ActiveCfg = Debug|Any CPU
		{872177E1-2F8F-4217-A809-790FDC643CBF}.Debug|Any CPU.Build.0 = Debug|Any CPU
		{872177E1-2F8F-4217-A809-790FDC643CBF}.Debug|Any CPU.Deploy.0 = Debug|Any CPU
		{872177E1-2F8F-4217-A809-790FDC643CBF}.Debug|ARM.ActiveCfg = Debug|Any CPU
		{872177E1-2F8F-4217-A809-790FDC643CBF}.Debug|iPhone.ActiveCfg = Debug|Any CPU
		{872177E1-2F8F-4217-A809-790FDC643CBF}.Debug|iPhoneSimulator.ActiveCfg = Debug|Any CPU
		{872177E1-2F8F-4217-A809-790FDC643CBF}.Debug|x64.ActiveCfg = Debug|Any CPU
		{872177E1-2F8F-4217-A809-790FDC643CBF}.Debug|x86.ActiveCfg = Debug|Any CPU
		{872177E1-2F8F-4217-A809-790FDC643CBF}.Release_Delay_Sign|Any CPU.ActiveCfg = Release|Any CPU
		{872177E1-2F8F-4217-A809-790FDC643CBF}.Release_Delay_Sign|ARM.ActiveCfg = Release|Any CPU
		{872177E1-2F8F-4217-A809-790FDC643CBF}.Release_Delay_Sign|iPhone.ActiveCfg = Release|Any CPU
		{872177E1-2F8F-4217-A809-790FDC643CBF}.Release_Delay_Sign|iPhoneSimulator.ActiveCfg = Release|Any CPU
		{872177E1-2F8F-4217-A809-790FDC643CBF}.Release_Delay_Sign|x64.ActiveCfg = Release|Any CPU
		{872177E1-2F8F-4217-A809-790FDC643CBF}.Release_Delay_Sign|x86.ActiveCfg = Release|Any CPU
		{872177E1-2F8F-4217-A809-790FDC643CBF}.Release|Any CPU.ActiveCfg = Release|Any CPU
		{872177E1-2F8F-4217-A809-790FDC643CBF}.Release|Any CPU.Build.0 = Release|Any CPU
		{872177E1-2F8F-4217-A809-790FDC643CBF}.Release|Any CPU.Deploy.0 = Release|Any CPU
		{872177E1-2F8F-4217-A809-790FDC643CBF}.Release|ARM.ActiveCfg = Release|Any CPU
		{872177E1-2F8F-4217-A809-790FDC643CBF}.Release|iPhone.ActiveCfg = Release|Any CPU
		{872177E1-2F8F-4217-A809-790FDC643CBF}.Release|iPhoneSimulator.ActiveCfg = Release|Any CPU
		{872177E1-2F8F-4217-A809-790FDC643CBF}.Release|x64.ActiveCfg = Release|Any CPU
		{872177E1-2F8F-4217-A809-790FDC643CBF}.Release|x86.ActiveCfg = Release|Any CPU
		{07F9E8FD-2068-46C6-85EB-6A322EE70A6A}.Ad-Hoc|Any CPU.ActiveCfg = Release|Any CPU
		{07F9E8FD-2068-46C6-85EB-6A322EE70A6A}.Ad-Hoc|ARM.ActiveCfg = Release|Any CPU
		{07F9E8FD-2068-46C6-85EB-6A322EE70A6A}.Ad-Hoc|iPhone.ActiveCfg = Release|Any CPU
		{07F9E8FD-2068-46C6-85EB-6A322EE70A6A}.Ad-Hoc|iPhoneSimulator.ActiveCfg = Release|Any CPU
		{07F9E8FD-2068-46C6-85EB-6A322EE70A6A}.Ad-Hoc|x64.ActiveCfg = Release|Any CPU
		{07F9E8FD-2068-46C6-85EB-6A322EE70A6A}.Ad-Hoc|x86.ActiveCfg = Release|Any CPU
		{07F9E8FD-2068-46C6-85EB-6A322EE70A6A}.AppStore|Any CPU.ActiveCfg = Release|Any CPU
		{07F9E8FD-2068-46C6-85EB-6A322EE70A6A}.AppStore|ARM.ActiveCfg = Release|Any CPU
		{07F9E8FD-2068-46C6-85EB-6A322EE70A6A}.AppStore|iPhone.ActiveCfg = Release|Any CPU
		{07F9E8FD-2068-46C6-85EB-6A322EE70A6A}.AppStore|iPhoneSimulator.ActiveCfg = Release|Any CPU
		{07F9E8FD-2068-46C6-85EB-6A322EE70A6A}.AppStore|x64.ActiveCfg = Release|Any CPU
		{07F9E8FD-2068-46C6-85EB-6A322EE70A6A}.AppStore|x86.ActiveCfg = Release|Any CPU
		{07F9E8FD-2068-46C6-85EB-6A322EE70A6A}.Debug|Any CPU.ActiveCfg = Debug|Any CPU
		{07F9E8FD-2068-46C6-85EB-6A322EE70A6A}.Debug|Any CPU.Build.0 = Debug|Any CPU
		{07F9E8FD-2068-46C6-85EB-6A322EE70A6A}.Debug|Any CPU.Deploy.0 = Debug|Any CPU
		{07F9E8FD-2068-46C6-85EB-6A322EE70A6A}.Debug|ARM.ActiveCfg = Debug|Any CPU
		{07F9E8FD-2068-46C6-85EB-6A322EE70A6A}.Debug|iPhone.ActiveCfg = Debug|Any CPU
		{07F9E8FD-2068-46C6-85EB-6A322EE70A6A}.Debug|iPhoneSimulator.ActiveCfg = Debug|Any CPU
		{07F9E8FD-2068-46C6-85EB-6A322EE70A6A}.Debug|x64.ActiveCfg = Debug|Any CPU
		{07F9E8FD-2068-46C6-85EB-6A322EE70A6A}.Debug|x86.ActiveCfg = Debug|Any CPU
		{07F9E8FD-2068-46C6-85EB-6A322EE70A6A}.Release_Delay_Sign|Any CPU.ActiveCfg = Release|Any CPU
		{07F9E8FD-2068-46C6-85EB-6A322EE70A6A}.Release_Delay_Sign|ARM.ActiveCfg = Release|Any CPU
		{07F9E8FD-2068-46C6-85EB-6A322EE70A6A}.Release_Delay_Sign|iPhone.ActiveCfg = Release|Any CPU
		{07F9E8FD-2068-46C6-85EB-6A322EE70A6A}.Release_Delay_Sign|iPhoneSimulator.ActiveCfg = Release|Any CPU
		{07F9E8FD-2068-46C6-85EB-6A322EE70A6A}.Release_Delay_Sign|x64.ActiveCfg = Release|Any CPU
		{07F9E8FD-2068-46C6-85EB-6A322EE70A6A}.Release_Delay_Sign|x86.ActiveCfg = Release|Any CPU
		{07F9E8FD-2068-46C6-85EB-6A322EE70A6A}.Release|Any CPU.ActiveCfg = Release|Any CPU
		{07F9E8FD-2068-46C6-85EB-6A322EE70A6A}.Release|Any CPU.Build.0 = Release|Any CPU
		{07F9E8FD-2068-46C6-85EB-6A322EE70A6A}.Release|Any CPU.Deploy.0 = Release|Any CPU
		{07F9E8FD-2068-46C6-85EB-6A322EE70A6A}.Release|ARM.ActiveCfg = Release|Any CPU
		{07F9E8FD-2068-46C6-85EB-6A322EE70A6A}.Release|iPhone.ActiveCfg = Release|Any CPU
		{07F9E8FD-2068-46C6-85EB-6A322EE70A6A}.Release|iPhoneSimulator.ActiveCfg = Release|Any CPU
		{07F9E8FD-2068-46C6-85EB-6A322EE70A6A}.Release|x64.ActiveCfg = Release|Any CPU
		{07F9E8FD-2068-46C6-85EB-6A322EE70A6A}.Release|x86.ActiveCfg = Release|Any CPU
		{EE9E711F-2D5F-449C-BD52-940197AAE051}.Ad-Hoc|Any CPU.ActiveCfg = Release|x86
		{EE9E711F-2D5F-449C-BD52-940197AAE051}.Ad-Hoc|Any CPU.Build.0 = Release|x86
		{EE9E711F-2D5F-449C-BD52-940197AAE051}.Ad-Hoc|Any CPU.Deploy.0 = Release|x86
		{EE9E711F-2D5F-449C-BD52-940197AAE051}.Ad-Hoc|ARM.ActiveCfg = Release|ARM
		{EE9E711F-2D5F-449C-BD52-940197AAE051}.Ad-Hoc|ARM.Build.0 = Release|ARM
		{EE9E711F-2D5F-449C-BD52-940197AAE051}.Ad-Hoc|ARM.Deploy.0 = Release|ARM
		{EE9E711F-2D5F-449C-BD52-940197AAE051}.Ad-Hoc|iPhone.ActiveCfg = Release|x86
		{EE9E711F-2D5F-449C-BD52-940197AAE051}.Ad-Hoc|iPhone.Build.0 = Release|x86
		{EE9E711F-2D5F-449C-BD52-940197AAE051}.Ad-Hoc|iPhone.Deploy.0 = Release|x86
		{EE9E711F-2D5F-449C-BD52-940197AAE051}.Ad-Hoc|iPhoneSimulator.ActiveCfg = Release|x86
		{EE9E711F-2D5F-449C-BD52-940197AAE051}.Ad-Hoc|iPhoneSimulator.Build.0 = Release|x86
		{EE9E711F-2D5F-449C-BD52-940197AAE051}.Ad-Hoc|iPhoneSimulator.Deploy.0 = Release|x86
		{EE9E711F-2D5F-449C-BD52-940197AAE051}.Ad-Hoc|x64.ActiveCfg = Release|x64
		{EE9E711F-2D5F-449C-BD52-940197AAE051}.Ad-Hoc|x64.Build.0 = Release|x64
		{EE9E711F-2D5F-449C-BD52-940197AAE051}.Ad-Hoc|x64.Deploy.0 = Release|x64
		{EE9E711F-2D5F-449C-BD52-940197AAE051}.Ad-Hoc|x86.ActiveCfg = Release|x86
		{EE9E711F-2D5F-449C-BD52-940197AAE051}.Ad-Hoc|x86.Build.0 = Release|x86
		{EE9E711F-2D5F-449C-BD52-940197AAE051}.Ad-Hoc|x86.Deploy.0 = Release|x86
		{EE9E711F-2D5F-449C-BD52-940197AAE051}.AppStore|Any CPU.ActiveCfg = Release|x86
		{EE9E711F-2D5F-449C-BD52-940197AAE051}.AppStore|Any CPU.Build.0 = Release|x86
		{EE9E711F-2D5F-449C-BD52-940197AAE051}.AppStore|Any CPU.Deploy.0 = Release|x86
		{EE9E711F-2D5F-449C-BD52-940197AAE051}.AppStore|ARM.ActiveCfg = Release|ARM
		{EE9E711F-2D5F-449C-BD52-940197AAE051}.AppStore|ARM.Build.0 = Release|ARM
		{EE9E711F-2D5F-449C-BD52-940197AAE051}.AppStore|ARM.Deploy.0 = Release|ARM
		{EE9E711F-2D5F-449C-BD52-940197AAE051}.AppStore|iPhone.ActiveCfg = Release|x86
		{EE9E711F-2D5F-449C-BD52-940197AAE051}.AppStore|iPhone.Build.0 = Release|x86
		{EE9E711F-2D5F-449C-BD52-940197AAE051}.AppStore|iPhone.Deploy.0 = Release|x86
		{EE9E711F-2D5F-449C-BD52-940197AAE051}.AppStore|iPhoneSimulator.ActiveCfg = Release|x86
		{EE9E711F-2D5F-449C-BD52-940197AAE051}.AppStore|iPhoneSimulator.Build.0 = Release|x86
		{EE9E711F-2D5F-449C-BD52-940197AAE051}.AppStore|iPhoneSimulator.Deploy.0 = Release|x86
		{EE9E711F-2D5F-449C-BD52-940197AAE051}.AppStore|x64.ActiveCfg = Release|x64
		{EE9E711F-2D5F-449C-BD52-940197AAE051}.AppStore|x64.Build.0 = Release|x64
		{EE9E711F-2D5F-449C-BD52-940197AAE051}.AppStore|x64.Deploy.0 = Release|x64
		{EE9E711F-2D5F-449C-BD52-940197AAE051}.AppStore|x86.ActiveCfg = Release|x86
		{EE9E711F-2D5F-449C-BD52-940197AAE051}.AppStore|x86.Build.0 = Release|x86
		{EE9E711F-2D5F-449C-BD52-940197AAE051}.AppStore|x86.Deploy.0 = Release|x86
		{EE9E711F-2D5F-449C-BD52-940197AAE051}.Debug|Any CPU.ActiveCfg = Debug|x86
		{EE9E711F-2D5F-449C-BD52-940197AAE051}.Debug|ARM.ActiveCfg = Debug|ARM
		{EE9E711F-2D5F-449C-BD52-940197AAE051}.Debug|ARM.Build.0 = Debug|ARM
		{EE9E711F-2D5F-449C-BD52-940197AAE051}.Debug|ARM.Deploy.0 = Debug|ARM
		{EE9E711F-2D5F-449C-BD52-940197AAE051}.Debug|iPhone.ActiveCfg = Debug|x86
		{EE9E711F-2D5F-449C-BD52-940197AAE051}.Debug|iPhoneSimulator.ActiveCfg = Debug|x86
		{EE9E711F-2D5F-449C-BD52-940197AAE051}.Debug|x64.ActiveCfg = Debug|x64
		{EE9E711F-2D5F-449C-BD52-940197AAE051}.Debug|x64.Build.0 = Debug|x64
		{EE9E711F-2D5F-449C-BD52-940197AAE051}.Debug|x64.Deploy.0 = Debug|x64
		{EE9E711F-2D5F-449C-BD52-940197AAE051}.Debug|x86.ActiveCfg = Debug|x86
		{EE9E711F-2D5F-449C-BD52-940197AAE051}.Debug|x86.Build.0 = Debug|x86
		{EE9E711F-2D5F-449C-BD52-940197AAE051}.Debug|x86.Deploy.0 = Debug|x86
		{EE9E711F-2D5F-449C-BD52-940197AAE051}.Release_Delay_Sign|Any CPU.ActiveCfg = Release|x64
		{EE9E711F-2D5F-449C-BD52-940197AAE051}.Release_Delay_Sign|Any CPU.Build.0 = Release|x64
		{EE9E711F-2D5F-449C-BD52-940197AAE051}.Release_Delay_Sign|Any CPU.Deploy.0 = Release|x64
		{EE9E711F-2D5F-449C-BD52-940197AAE051}.Release_Delay_Sign|ARM.ActiveCfg = Release|ARM
		{EE9E711F-2D5F-449C-BD52-940197AAE051}.Release_Delay_Sign|ARM.Build.0 = Release|ARM
		{EE9E711F-2D5F-449C-BD52-940197AAE051}.Release_Delay_Sign|ARM.Deploy.0 = Release|ARM
		{EE9E711F-2D5F-449C-BD52-940197AAE051}.Release_Delay_Sign|iPhone.ActiveCfg = Release|x86
		{EE9E711F-2D5F-449C-BD52-940197AAE051}.Release_Delay_Sign|iPhone.Build.0 = Release|x86
		{EE9E711F-2D5F-449C-BD52-940197AAE051}.Release_Delay_Sign|iPhone.Deploy.0 = Release|x86
		{EE9E711F-2D5F-449C-BD52-940197AAE051}.Release_Delay_Sign|iPhoneSimulator.ActiveCfg = Release|x86
		{EE9E711F-2D5F-449C-BD52-940197AAE051}.Release_Delay_Sign|iPhoneSimulator.Build.0 = Release|x86
		{EE9E711F-2D5F-449C-BD52-940197AAE051}.Release_Delay_Sign|iPhoneSimulator.Deploy.0 = Release|x86
		{EE9E711F-2D5F-449C-BD52-940197AAE051}.Release_Delay_Sign|x64.ActiveCfg = Release|x64
		{EE9E711F-2D5F-449C-BD52-940197AAE051}.Release_Delay_Sign|x64.Build.0 = Release|x64
		{EE9E711F-2D5F-449C-BD52-940197AAE051}.Release_Delay_Sign|x64.Deploy.0 = Release|x64
		{EE9E711F-2D5F-449C-BD52-940197AAE051}.Release_Delay_Sign|x86.ActiveCfg = Release|x86
		{EE9E711F-2D5F-449C-BD52-940197AAE051}.Release_Delay_Sign|x86.Build.0 = Release|x86
		{EE9E711F-2D5F-449C-BD52-940197AAE051}.Release_Delay_Sign|x86.Deploy.0 = Release|x86
		{EE9E711F-2D5F-449C-BD52-940197AAE051}.Release|Any CPU.ActiveCfg = Release|x86
		{EE9E711F-2D5F-449C-BD52-940197AAE051}.Release|ARM.ActiveCfg = Release|ARM
		{EE9E711F-2D5F-449C-BD52-940197AAE051}.Release|ARM.Build.0 = Release|ARM
		{EE9E711F-2D5F-449C-BD52-940197AAE051}.Release|ARM.Deploy.0 = Release|ARM
		{EE9E711F-2D5F-449C-BD52-940197AAE051}.Release|iPhone.ActiveCfg = Release|x86
		{EE9E711F-2D5F-449C-BD52-940197AAE051}.Release|iPhoneSimulator.ActiveCfg = Release|x86
		{EE9E711F-2D5F-449C-BD52-940197AAE051}.Release|x64.ActiveCfg = Release|x64
		{EE9E711F-2D5F-449C-BD52-940197AAE051}.Release|x64.Build.0 = Release|x64
		{EE9E711F-2D5F-449C-BD52-940197AAE051}.Release|x64.Deploy.0 = Release|x64
		{EE9E711F-2D5F-449C-BD52-940197AAE051}.Release|x86.ActiveCfg = Release|x86
		{EE9E711F-2D5F-449C-BD52-940197AAE051}.Release|x86.Build.0 = Release|x86
		{EE9E711F-2D5F-449C-BD52-940197AAE051}.Release|x86.Deploy.0 = Release|x86
		{53A7FF93-E9F0-4C7C-8F46-6E5D1E1B6B2C}.Ad-Hoc|Any CPU.ActiveCfg = Release|Any CPU
		{53A7FF93-E9F0-4C7C-8F46-6E5D1E1B6B2C}.Ad-Hoc|Any CPU.Build.0 = Release|Any CPU
		{53A7FF93-E9F0-4C7C-8F46-6E5D1E1B6B2C}.Ad-Hoc|ARM.ActiveCfg = Release|Any CPU
		{53A7FF93-E9F0-4C7C-8F46-6E5D1E1B6B2C}.Ad-Hoc|ARM.Build.0 = Release|Any CPU
		{53A7FF93-E9F0-4C7C-8F46-6E5D1E1B6B2C}.Ad-Hoc|iPhone.ActiveCfg = Release|Any CPU
		{53A7FF93-E9F0-4C7C-8F46-6E5D1E1B6B2C}.Ad-Hoc|iPhone.Build.0 = Release|Any CPU
		{53A7FF93-E9F0-4C7C-8F46-6E5D1E1B6B2C}.Ad-Hoc|iPhoneSimulator.ActiveCfg = Release|Any CPU
		{53A7FF93-E9F0-4C7C-8F46-6E5D1E1B6B2C}.Ad-Hoc|iPhoneSimulator.Build.0 = Release|Any CPU
		{53A7FF93-E9F0-4C7C-8F46-6E5D1E1B6B2C}.Ad-Hoc|x64.ActiveCfg = Release|Any CPU
		{53A7FF93-E9F0-4C7C-8F46-6E5D1E1B6B2C}.Ad-Hoc|x64.Build.0 = Release|Any CPU
		{53A7FF93-E9F0-4C7C-8F46-6E5D1E1B6B2C}.Ad-Hoc|x86.ActiveCfg = Release|Any CPU
		{53A7FF93-E9F0-4C7C-8F46-6E5D1E1B6B2C}.Ad-Hoc|x86.Build.0 = Release|Any CPU
		{53A7FF93-E9F0-4C7C-8F46-6E5D1E1B6B2C}.AppStore|Any CPU.ActiveCfg = Release|Any CPU
		{53A7FF93-E9F0-4C7C-8F46-6E5D1E1B6B2C}.AppStore|Any CPU.Build.0 = Release|Any CPU
		{53A7FF93-E9F0-4C7C-8F46-6E5D1E1B6B2C}.AppStore|ARM.ActiveCfg = Release|Any CPU
		{53A7FF93-E9F0-4C7C-8F46-6E5D1E1B6B2C}.AppStore|ARM.Build.0 = Release|Any CPU
		{53A7FF93-E9F0-4C7C-8F46-6E5D1E1B6B2C}.AppStore|iPhone.ActiveCfg = Release|Any CPU
		{53A7FF93-E9F0-4C7C-8F46-6E5D1E1B6B2C}.AppStore|iPhone.Build.0 = Release|Any CPU
		{53A7FF93-E9F0-4C7C-8F46-6E5D1E1B6B2C}.AppStore|iPhoneSimulator.ActiveCfg = Release|Any CPU
		{53A7FF93-E9F0-4C7C-8F46-6E5D1E1B6B2C}.AppStore|iPhoneSimulator.Build.0 = Release|Any CPU
		{53A7FF93-E9F0-4C7C-8F46-6E5D1E1B6B2C}.AppStore|x64.ActiveCfg = Release|Any CPU
		{53A7FF93-E9F0-4C7C-8F46-6E5D1E1B6B2C}.AppStore|x64.Build.0 = Release|Any CPU
		{53A7FF93-E9F0-4C7C-8F46-6E5D1E1B6B2C}.AppStore|x86.ActiveCfg = Release|Any CPU
		{53A7FF93-E9F0-4C7C-8F46-6E5D1E1B6B2C}.AppStore|x86.Build.0 = Release|Any CPU
		{53A7FF93-E9F0-4C7C-8F46-6E5D1E1B6B2C}.Debug|Any CPU.ActiveCfg = Debug|Any CPU
		{53A7FF93-E9F0-4C7C-8F46-6E5D1E1B6B2C}.Debug|Any CPU.Build.0 = Debug|Any CPU
		{53A7FF93-E9F0-4C7C-8F46-6E5D1E1B6B2C}.Debug|ARM.ActiveCfg = Debug|Any CPU
		{53A7FF93-E9F0-4C7C-8F46-6E5D1E1B6B2C}.Debug|ARM.Build.0 = Debug|Any CPU
		{53A7FF93-E9F0-4C7C-8F46-6E5D1E1B6B2C}.Debug|iPhone.ActiveCfg = Debug|Any CPU
		{53A7FF93-E9F0-4C7C-8F46-6E5D1E1B6B2C}.Debug|iPhone.Build.0 = Debug|Any CPU
		{53A7FF93-E9F0-4C7C-8F46-6E5D1E1B6B2C}.Debug|iPhoneSimulator.ActiveCfg = Debug|Any CPU
		{53A7FF93-E9F0-4C7C-8F46-6E5D1E1B6B2C}.Debug|iPhoneSimulator.Build.0 = Debug|Any CPU
		{53A7FF93-E9F0-4C7C-8F46-6E5D1E1B6B2C}.Debug|x64.ActiveCfg = Debug|Any CPU
		{53A7FF93-E9F0-4C7C-8F46-6E5D1E1B6B2C}.Debug|x64.Build.0 = Debug|Any CPU
		{53A7FF93-E9F0-4C7C-8F46-6E5D1E1B6B2C}.Debug|x86.ActiveCfg = Debug|Any CPU
		{53A7FF93-E9F0-4C7C-8F46-6E5D1E1B6B2C}.Debug|x86.Build.0 = Debug|Any CPU
		{53A7FF93-E9F0-4C7C-8F46-6E5D1E1B6B2C}.Release_Delay_Sign|Any CPU.ActiveCfg = Release|Any CPU
		{53A7FF93-E9F0-4C7C-8F46-6E5D1E1B6B2C}.Release_Delay_Sign|Any CPU.Build.0 = Release|Any CPU
		{53A7FF93-E9F0-4C7C-8F46-6E5D1E1B6B2C}.Release_Delay_Sign|ARM.ActiveCfg = Release|Any CPU
		{53A7FF93-E9F0-4C7C-8F46-6E5D1E1B6B2C}.Release_Delay_Sign|ARM.Build.0 = Release|Any CPU
		{53A7FF93-E9F0-4C7C-8F46-6E5D1E1B6B2C}.Release_Delay_Sign|iPhone.ActiveCfg = Release|Any CPU
		{53A7FF93-E9F0-4C7C-8F46-6E5D1E1B6B2C}.Release_Delay_Sign|iPhone.Build.0 = Release|Any CPU
		{53A7FF93-E9F0-4C7C-8F46-6E5D1E1B6B2C}.Release_Delay_Sign|iPhoneSimulator.ActiveCfg = Release|Any CPU
		{53A7FF93-E9F0-4C7C-8F46-6E5D1E1B6B2C}.Release_Delay_Sign|iPhoneSimulator.Build.0 = Release|Any CPU
		{53A7FF93-E9F0-4C7C-8F46-6E5D1E1B6B2C}.Release_Delay_Sign|x64.ActiveCfg = Release|Any CPU
		{53A7FF93-E9F0-4C7C-8F46-6E5D1E1B6B2C}.Release_Delay_Sign|x64.Build.0 = Release|Any CPU
		{53A7FF93-E9F0-4C7C-8F46-6E5D1E1B6B2C}.Release_Delay_Sign|x86.ActiveCfg = Release|Any CPU
		{53A7FF93-E9F0-4C7C-8F46-6E5D1E1B6B2C}.Release_Delay_Sign|x86.Build.0 = Release|Any CPU
		{53A7FF93-E9F0-4C7C-8F46-6E5D1E1B6B2C}.Release|Any CPU.ActiveCfg = Release|Any CPU
		{53A7FF93-E9F0-4C7C-8F46-6E5D1E1B6B2C}.Release|Any CPU.Build.0 = Release|Any CPU
		{53A7FF93-E9F0-4C7C-8F46-6E5D1E1B6B2C}.Release|ARM.ActiveCfg = Release|Any CPU
		{53A7FF93-E9F0-4C7C-8F46-6E5D1E1B6B2C}.Release|ARM.Build.0 = Release|Any CPU
		{53A7FF93-E9F0-4C7C-8F46-6E5D1E1B6B2C}.Release|iPhone.ActiveCfg = Release|Any CPU
		{53A7FF93-E9F0-4C7C-8F46-6E5D1E1B6B2C}.Release|iPhone.Build.0 = Release|Any CPU
		{53A7FF93-E9F0-4C7C-8F46-6E5D1E1B6B2C}.Release|iPhoneSimulator.ActiveCfg = Release|Any CPU
		{53A7FF93-E9F0-4C7C-8F46-6E5D1E1B6B2C}.Release|iPhoneSimulator.Build.0 = Release|Any CPU
		{53A7FF93-E9F0-4C7C-8F46-6E5D1E1B6B2C}.Release|x64.ActiveCfg = Release|Any CPU
		{53A7FF93-E9F0-4C7C-8F46-6E5D1E1B6B2C}.Release|x64.Build.0 = Release|Any CPU
		{53A7FF93-E9F0-4C7C-8F46-6E5D1E1B6B2C}.Release|x86.ActiveCfg = Release|Any CPU
		{53A7FF93-E9F0-4C7C-8F46-6E5D1E1B6B2C}.Release|x86.Build.0 = Release|Any CPU
		{30C97DB5-FFBC-4ECC-970F-6D6DE5F175A4}.Ad-Hoc|Any CPU.ActiveCfg = Release|x64
		{30C97DB5-FFBC-4ECC-970F-6D6DE5F175A4}.Ad-Hoc|Any CPU.Build.0 = Release|x64
		{30C97DB5-FFBC-4ECC-970F-6D6DE5F175A4}.Ad-Hoc|Any CPU.Deploy.0 = Release|x64
		{30C97DB5-FFBC-4ECC-970F-6D6DE5F175A4}.Ad-Hoc|ARM.ActiveCfg = Release|ARM
		{30C97DB5-FFBC-4ECC-970F-6D6DE5F175A4}.Ad-Hoc|ARM.Build.0 = Release|ARM
		{30C97DB5-FFBC-4ECC-970F-6D6DE5F175A4}.Ad-Hoc|ARM.Deploy.0 = Release|ARM
		{30C97DB5-FFBC-4ECC-970F-6D6DE5F175A4}.Ad-Hoc|iPhone.ActiveCfg = Release|x64
		{30C97DB5-FFBC-4ECC-970F-6D6DE5F175A4}.Ad-Hoc|iPhone.Build.0 = Release|x64
		{30C97DB5-FFBC-4ECC-970F-6D6DE5F175A4}.Ad-Hoc|iPhone.Deploy.0 = Release|x64
		{30C97DB5-FFBC-4ECC-970F-6D6DE5F175A4}.Ad-Hoc|iPhoneSimulator.ActiveCfg = Release|x64
		{30C97DB5-FFBC-4ECC-970F-6D6DE5F175A4}.Ad-Hoc|iPhoneSimulator.Build.0 = Release|x64
		{30C97DB5-FFBC-4ECC-970F-6D6DE5F175A4}.Ad-Hoc|iPhoneSimulator.Deploy.0 = Release|x64
		{30C97DB5-FFBC-4ECC-970F-6D6DE5F175A4}.Ad-Hoc|x64.ActiveCfg = Release|x64
		{30C97DB5-FFBC-4ECC-970F-6D6DE5F175A4}.Ad-Hoc|x64.Build.0 = Release|x64
		{30C97DB5-FFBC-4ECC-970F-6D6DE5F175A4}.Ad-Hoc|x64.Deploy.0 = Release|x64
		{30C97DB5-FFBC-4ECC-970F-6D6DE5F175A4}.Ad-Hoc|x86.ActiveCfg = Release|x86
		{30C97DB5-FFBC-4ECC-970F-6D6DE5F175A4}.Ad-Hoc|x86.Build.0 = Release|x86
		{30C97DB5-FFBC-4ECC-970F-6D6DE5F175A4}.Ad-Hoc|x86.Deploy.0 = Release|x86
		{30C97DB5-FFBC-4ECC-970F-6D6DE5F175A4}.AppStore|Any CPU.ActiveCfg = Release|x64
		{30C97DB5-FFBC-4ECC-970F-6D6DE5F175A4}.AppStore|Any CPU.Build.0 = Release|x64
		{30C97DB5-FFBC-4ECC-970F-6D6DE5F175A4}.AppStore|Any CPU.Deploy.0 = Release|x64
		{30C97DB5-FFBC-4ECC-970F-6D6DE5F175A4}.AppStore|ARM.ActiveCfg = Release|ARM
		{30C97DB5-FFBC-4ECC-970F-6D6DE5F175A4}.AppStore|ARM.Build.0 = Release|ARM
		{30C97DB5-FFBC-4ECC-970F-6D6DE5F175A4}.AppStore|ARM.Deploy.0 = Release|ARM
		{30C97DB5-FFBC-4ECC-970F-6D6DE5F175A4}.AppStore|iPhone.ActiveCfg = Release|x64
		{30C97DB5-FFBC-4ECC-970F-6D6DE5F175A4}.AppStore|iPhone.Build.0 = Release|x64
		{30C97DB5-FFBC-4ECC-970F-6D6DE5F175A4}.AppStore|iPhone.Deploy.0 = Release|x64
		{30C97DB5-FFBC-4ECC-970F-6D6DE5F175A4}.AppStore|iPhoneSimulator.ActiveCfg = Release|x64
		{30C97DB5-FFBC-4ECC-970F-6D6DE5F175A4}.AppStore|iPhoneSimulator.Build.0 = Release|x64
		{30C97DB5-FFBC-4ECC-970F-6D6DE5F175A4}.AppStore|iPhoneSimulator.Deploy.0 = Release|x64
		{30C97DB5-FFBC-4ECC-970F-6D6DE5F175A4}.AppStore|x64.ActiveCfg = Release|x64
		{30C97DB5-FFBC-4ECC-970F-6D6DE5F175A4}.AppStore|x64.Build.0 = Release|x64
		{30C97DB5-FFBC-4ECC-970F-6D6DE5F175A4}.AppStore|x64.Deploy.0 = Release|x64
		{30C97DB5-FFBC-4ECC-970F-6D6DE5F175A4}.AppStore|x86.ActiveCfg = Release|x86
		{30C97DB5-FFBC-4ECC-970F-6D6DE5F175A4}.AppStore|x86.Build.0 = Release|x86
		{30C97DB5-FFBC-4ECC-970F-6D6DE5F175A4}.AppStore|x86.Deploy.0 = Release|x86
		{30C97DB5-FFBC-4ECC-970F-6D6DE5F175A4}.Debug|Any CPU.ActiveCfg = Debug|x86
		{30C97DB5-FFBC-4ECC-970F-6D6DE5F175A4}.Debug|ARM.ActiveCfg = Debug|ARM
		{30C97DB5-FFBC-4ECC-970F-6D6DE5F175A4}.Debug|ARM.Build.0 = Debug|ARM
		{30C97DB5-FFBC-4ECC-970F-6D6DE5F175A4}.Debug|ARM.Deploy.0 = Debug|ARM
		{30C97DB5-FFBC-4ECC-970F-6D6DE5F175A4}.Debug|iPhone.ActiveCfg = Debug|x86
		{30C97DB5-FFBC-4ECC-970F-6D6DE5F175A4}.Debug|iPhoneSimulator.ActiveCfg = Debug|x86
		{30C97DB5-FFBC-4ECC-970F-6D6DE5F175A4}.Debug|x64.ActiveCfg = Debug|x64
		{30C97DB5-FFBC-4ECC-970F-6D6DE5F175A4}.Debug|x64.Build.0 = Debug|x64
		{30C97DB5-FFBC-4ECC-970F-6D6DE5F175A4}.Debug|x64.Deploy.0 = Debug|x64
		{30C97DB5-FFBC-4ECC-970F-6D6DE5F175A4}.Debug|x86.ActiveCfg = Debug|x86
		{30C97DB5-FFBC-4ECC-970F-6D6DE5F175A4}.Debug|x86.Build.0 = Debug|x86
		{30C97DB5-FFBC-4ECC-970F-6D6DE5F175A4}.Debug|x86.Deploy.0 = Debug|x86
		{30C97DB5-FFBC-4ECC-970F-6D6DE5F175A4}.Release_Delay_Sign|Any CPU.ActiveCfg = Release|x64
		{30C97DB5-FFBC-4ECC-970F-6D6DE5F175A4}.Release_Delay_Sign|Any CPU.Build.0 = Release|x64
		{30C97DB5-FFBC-4ECC-970F-6D6DE5F175A4}.Release_Delay_Sign|Any CPU.Deploy.0 = Release|x64
		{30C97DB5-FFBC-4ECC-970F-6D6DE5F175A4}.Release_Delay_Sign|ARM.ActiveCfg = Release|ARM
		{30C97DB5-FFBC-4ECC-970F-6D6DE5F175A4}.Release_Delay_Sign|ARM.Build.0 = Release|ARM
		{30C97DB5-FFBC-4ECC-970F-6D6DE5F175A4}.Release_Delay_Sign|ARM.Deploy.0 = Release|ARM
		{30C97DB5-FFBC-4ECC-970F-6D6DE5F175A4}.Release_Delay_Sign|iPhone.ActiveCfg = Release|x64
		{30C97DB5-FFBC-4ECC-970F-6D6DE5F175A4}.Release_Delay_Sign|iPhone.Build.0 = Release|x64
		{30C97DB5-FFBC-4ECC-970F-6D6DE5F175A4}.Release_Delay_Sign|iPhone.Deploy.0 = Release|x64
		{30C97DB5-FFBC-4ECC-970F-6D6DE5F175A4}.Release_Delay_Sign|iPhoneSimulator.ActiveCfg = Release|x64
		{30C97DB5-FFBC-4ECC-970F-6D6DE5F175A4}.Release_Delay_Sign|iPhoneSimulator.Build.0 = Release|x64
		{30C97DB5-FFBC-4ECC-970F-6D6DE5F175A4}.Release_Delay_Sign|iPhoneSimulator.Deploy.0 = Release|x64
		{30C97DB5-FFBC-4ECC-970F-6D6DE5F175A4}.Release_Delay_Sign|x64.ActiveCfg = Release|x64
		{30C97DB5-FFBC-4ECC-970F-6D6DE5F175A4}.Release_Delay_Sign|x64.Build.0 = Release|x64
		{30C97DB5-FFBC-4ECC-970F-6D6DE5F175A4}.Release_Delay_Sign|x64.Deploy.0 = Release|x64
		{30C97DB5-FFBC-4ECC-970F-6D6DE5F175A4}.Release_Delay_Sign|x86.ActiveCfg = Release|x86
		{30C97DB5-FFBC-4ECC-970F-6D6DE5F175A4}.Release_Delay_Sign|x86.Build.0 = Release|x86
		{30C97DB5-FFBC-4ECC-970F-6D6DE5F175A4}.Release_Delay_Sign|x86.Deploy.0 = Release|x86
		{30C97DB5-FFBC-4ECC-970F-6D6DE5F175A4}.Release|Any CPU.ActiveCfg = Release|x86
		{30C97DB5-FFBC-4ECC-970F-6D6DE5F175A4}.Release|ARM.ActiveCfg = Release|ARM
		{30C97DB5-FFBC-4ECC-970F-6D6DE5F175A4}.Release|ARM.Build.0 = Release|ARM
		{30C97DB5-FFBC-4ECC-970F-6D6DE5F175A4}.Release|ARM.Deploy.0 = Release|ARM
		{30C97DB5-FFBC-4ECC-970F-6D6DE5F175A4}.Release|iPhone.ActiveCfg = Release|x86
		{30C97DB5-FFBC-4ECC-970F-6D6DE5F175A4}.Release|iPhoneSimulator.ActiveCfg = Release|x86
		{30C97DB5-FFBC-4ECC-970F-6D6DE5F175A4}.Release|x64.ActiveCfg = Release|x64
		{30C97DB5-FFBC-4ECC-970F-6D6DE5F175A4}.Release|x64.Build.0 = Release|x64
		{30C97DB5-FFBC-4ECC-970F-6D6DE5F175A4}.Release|x64.Deploy.0 = Release|x64
		{30C97DB5-FFBC-4ECC-970F-6D6DE5F175A4}.Release|x86.ActiveCfg = Release|x86
		{30C97DB5-FFBC-4ECC-970F-6D6DE5F175A4}.Release|x86.Build.0 = Release|x86
		{30C97DB5-FFBC-4ECC-970F-6D6DE5F175A4}.Release|x86.Deploy.0 = Release|x86
		{9CEB4F3D-2A60-4C44-A976-A111E374FF45}.Ad-Hoc|Any CPU.ActiveCfg = Debug|Any CPU
		{9CEB4F3D-2A60-4C44-A976-A111E374FF45}.Ad-Hoc|Any CPU.Build.0 = Debug|Any CPU
		{9CEB4F3D-2A60-4C44-A976-A111E374FF45}.Ad-Hoc|ARM.ActiveCfg = Debug|Any CPU
		{9CEB4F3D-2A60-4C44-A976-A111E374FF45}.Ad-Hoc|ARM.Build.0 = Debug|Any CPU
		{9CEB4F3D-2A60-4C44-A976-A111E374FF45}.Ad-Hoc|iPhone.ActiveCfg = Debug|Any CPU
		{9CEB4F3D-2A60-4C44-A976-A111E374FF45}.Ad-Hoc|iPhone.Build.0 = Debug|Any CPU
		{9CEB4F3D-2A60-4C44-A976-A111E374FF45}.Ad-Hoc|iPhoneSimulator.ActiveCfg = Debug|Any CPU
		{9CEB4F3D-2A60-4C44-A976-A111E374FF45}.Ad-Hoc|iPhoneSimulator.Build.0 = Debug|Any CPU
		{9CEB4F3D-2A60-4C44-A976-A111E374FF45}.Ad-Hoc|x64.ActiveCfg = Debug|Any CPU
		{9CEB4F3D-2A60-4C44-A976-A111E374FF45}.Ad-Hoc|x64.Build.0 = Debug|Any CPU
		{9CEB4F3D-2A60-4C44-A976-A111E374FF45}.Ad-Hoc|x86.ActiveCfg = Debug|Any CPU
		{9CEB4F3D-2A60-4C44-A976-A111E374FF45}.Ad-Hoc|x86.Build.0 = Debug|Any CPU
		{9CEB4F3D-2A60-4C44-A976-A111E374FF45}.AppStore|Any CPU.ActiveCfg = Debug|Any CPU
		{9CEB4F3D-2A60-4C44-A976-A111E374FF45}.AppStore|Any CPU.Build.0 = Debug|Any CPU
		{9CEB4F3D-2A60-4C44-A976-A111E374FF45}.AppStore|ARM.ActiveCfg = Debug|Any CPU
		{9CEB4F3D-2A60-4C44-A976-A111E374FF45}.AppStore|ARM.Build.0 = Debug|Any CPU
		{9CEB4F3D-2A60-4C44-A976-A111E374FF45}.AppStore|iPhone.ActiveCfg = Debug|Any CPU
		{9CEB4F3D-2A60-4C44-A976-A111E374FF45}.AppStore|iPhone.Build.0 = Debug|Any CPU
		{9CEB4F3D-2A60-4C44-A976-A111E374FF45}.AppStore|iPhoneSimulator.ActiveCfg = Debug|Any CPU
		{9CEB4F3D-2A60-4C44-A976-A111E374FF45}.AppStore|iPhoneSimulator.Build.0 = Debug|Any CPU
		{9CEB4F3D-2A60-4C44-A976-A111E374FF45}.AppStore|x64.ActiveCfg = Debug|Any CPU
		{9CEB4F3D-2A60-4C44-A976-A111E374FF45}.AppStore|x64.Build.0 = Debug|Any CPU
		{9CEB4F3D-2A60-4C44-A976-A111E374FF45}.AppStore|x86.ActiveCfg = Debug|Any CPU
		{9CEB4F3D-2A60-4C44-A976-A111E374FF45}.AppStore|x86.Build.0 = Debug|Any CPU
		{9CEB4F3D-2A60-4C44-A976-A111E374FF45}.Debug|Any CPU.ActiveCfg = Debug|Any CPU
		{9CEB4F3D-2A60-4C44-A976-A111E374FF45}.Debug|Any CPU.Build.0 = Debug|Any CPU
		{9CEB4F3D-2A60-4C44-A976-A111E374FF45}.Debug|ARM.ActiveCfg = Debug|Any CPU
		{9CEB4F3D-2A60-4C44-A976-A111E374FF45}.Debug|ARM.Build.0 = Debug|Any CPU
		{9CEB4F3D-2A60-4C44-A976-A111E374FF45}.Debug|iPhone.ActiveCfg = Debug|Any CPU
		{9CEB4F3D-2A60-4C44-A976-A111E374FF45}.Debug|iPhone.Build.0 = Debug|Any CPU
		{9CEB4F3D-2A60-4C44-A976-A111E374FF45}.Debug|iPhoneSimulator.ActiveCfg = Debug|Any CPU
		{9CEB4F3D-2A60-4C44-A976-A111E374FF45}.Debug|iPhoneSimulator.Build.0 = Debug|Any CPU
		{9CEB4F3D-2A60-4C44-A976-A111E374FF45}.Debug|x64.ActiveCfg = Debug|Any CPU
		{9CEB4F3D-2A60-4C44-A976-A111E374FF45}.Debug|x64.Build.0 = Debug|Any CPU
		{9CEB4F3D-2A60-4C44-A976-A111E374FF45}.Debug|x86.ActiveCfg = Debug|Any CPU
		{9CEB4F3D-2A60-4C44-A976-A111E374FF45}.Debug|x86.Build.0 = Debug|Any CPU
		{9CEB4F3D-2A60-4C44-A976-A111E374FF45}.Release_Delay_Sign|Any CPU.ActiveCfg = Debug|Any CPU
		{9CEB4F3D-2A60-4C44-A976-A111E374FF45}.Release_Delay_Sign|Any CPU.Build.0 = Debug|Any CPU
		{9CEB4F3D-2A60-4C44-A976-A111E374FF45}.Release_Delay_Sign|ARM.ActiveCfg = Debug|Any CPU
		{9CEB4F3D-2A60-4C44-A976-A111E374FF45}.Release_Delay_Sign|ARM.Build.0 = Debug|Any CPU
		{9CEB4F3D-2A60-4C44-A976-A111E374FF45}.Release_Delay_Sign|iPhone.ActiveCfg = Debug|Any CPU
		{9CEB4F3D-2A60-4C44-A976-A111E374FF45}.Release_Delay_Sign|iPhone.Build.0 = Debug|Any CPU
		{9CEB4F3D-2A60-4C44-A976-A111E374FF45}.Release_Delay_Sign|iPhoneSimulator.ActiveCfg = Debug|Any CPU
		{9CEB4F3D-2A60-4C44-A976-A111E374FF45}.Release_Delay_Sign|iPhoneSimulator.Build.0 = Debug|Any CPU
		{9CEB4F3D-2A60-4C44-A976-A111E374FF45}.Release_Delay_Sign|x64.ActiveCfg = Debug|Any CPU
		{9CEB4F3D-2A60-4C44-A976-A111E374FF45}.Release_Delay_Sign|x64.Build.0 = Debug|Any CPU
		{9CEB4F3D-2A60-4C44-A976-A111E374FF45}.Release_Delay_Sign|x86.ActiveCfg = Debug|Any CPU
		{9CEB4F3D-2A60-4C44-A976-A111E374FF45}.Release_Delay_Sign|x86.Build.0 = Debug|Any CPU
		{9CEB4F3D-2A60-4C44-A976-A111E374FF45}.Release|Any CPU.ActiveCfg = Debug|Any CPU
		{9CEB4F3D-2A60-4C44-A976-A111E374FF45}.Release|Any CPU.Build.0 = Debug|Any CPU
		{9CEB4F3D-2A60-4C44-A976-A111E374FF45}.Release|ARM.ActiveCfg = Debug|Any CPU
		{9CEB4F3D-2A60-4C44-A976-A111E374FF45}.Release|ARM.Build.0 = Debug|Any CPU
		{9CEB4F3D-2A60-4C44-A976-A111E374FF45}.Release|iPhone.ActiveCfg = Debug|Any CPU
		{9CEB4F3D-2A60-4C44-A976-A111E374FF45}.Release|iPhone.Build.0 = Debug|Any CPU
		{9CEB4F3D-2A60-4C44-A976-A111E374FF45}.Release|iPhoneSimulator.ActiveCfg = Debug|Any CPU
		{9CEB4F3D-2A60-4C44-A976-A111E374FF45}.Release|iPhoneSimulator.Build.0 = Debug|Any CPU
		{9CEB4F3D-2A60-4C44-A976-A111E374FF45}.Release|x64.ActiveCfg = Debug|Any CPU
		{9CEB4F3D-2A60-4C44-A976-A111E374FF45}.Release|x64.Build.0 = Debug|Any CPU
		{9CEB4F3D-2A60-4C44-A976-A111E374FF45}.Release|x86.ActiveCfg = Debug|Any CPU
		{9CEB4F3D-2A60-4C44-A976-A111E374FF45}.Release|x86.Build.0 = Debug|Any CPU
		{1944EA59-0AB8-4B6D-81C2-9CCB3C38E4F1}.Ad-Hoc|Any CPU.ActiveCfg = Debug|Any CPU
		{1944EA59-0AB8-4B6D-81C2-9CCB3C38E4F1}.Ad-Hoc|Any CPU.Build.0 = Debug|Any CPU
		{1944EA59-0AB8-4B6D-81C2-9CCB3C38E4F1}.Ad-Hoc|ARM.ActiveCfg = Debug|Any CPU
		{1944EA59-0AB8-4B6D-81C2-9CCB3C38E4F1}.Ad-Hoc|ARM.Build.0 = Debug|Any CPU
		{1944EA59-0AB8-4B6D-81C2-9CCB3C38E4F1}.Ad-Hoc|iPhone.ActiveCfg = Debug|Any CPU
		{1944EA59-0AB8-4B6D-81C2-9CCB3C38E4F1}.Ad-Hoc|iPhone.Build.0 = Debug|Any CPU
		{1944EA59-0AB8-4B6D-81C2-9CCB3C38E4F1}.Ad-Hoc|iPhoneSimulator.ActiveCfg = Debug|Any CPU
		{1944EA59-0AB8-4B6D-81C2-9CCB3C38E4F1}.Ad-Hoc|iPhoneSimulator.Build.0 = Debug|Any CPU
		{1944EA59-0AB8-4B6D-81C2-9CCB3C38E4F1}.Ad-Hoc|x64.ActiveCfg = Debug|Any CPU
		{1944EA59-0AB8-4B6D-81C2-9CCB3C38E4F1}.Ad-Hoc|x64.Build.0 = Debug|Any CPU
		{1944EA59-0AB8-4B6D-81C2-9CCB3C38E4F1}.Ad-Hoc|x86.ActiveCfg = Debug|Any CPU
		{1944EA59-0AB8-4B6D-81C2-9CCB3C38E4F1}.Ad-Hoc|x86.Build.0 = Debug|Any CPU
		{1944EA59-0AB8-4B6D-81C2-9CCB3C38E4F1}.AppStore|Any CPU.ActiveCfg = Debug|Any CPU
		{1944EA59-0AB8-4B6D-81C2-9CCB3C38E4F1}.AppStore|Any CPU.Build.0 = Debug|Any CPU
		{1944EA59-0AB8-4B6D-81C2-9CCB3C38E4F1}.AppStore|ARM.ActiveCfg = Debug|Any CPU
		{1944EA59-0AB8-4B6D-81C2-9CCB3C38E4F1}.AppStore|ARM.Build.0 = Debug|Any CPU
		{1944EA59-0AB8-4B6D-81C2-9CCB3C38E4F1}.AppStore|iPhone.ActiveCfg = Debug|Any CPU
		{1944EA59-0AB8-4B6D-81C2-9CCB3C38E4F1}.AppStore|iPhone.Build.0 = Debug|Any CPU
		{1944EA59-0AB8-4B6D-81C2-9CCB3C38E4F1}.AppStore|iPhoneSimulator.ActiveCfg = Debug|Any CPU
		{1944EA59-0AB8-4B6D-81C2-9CCB3C38E4F1}.AppStore|iPhoneSimulator.Build.0 = Debug|Any CPU
		{1944EA59-0AB8-4B6D-81C2-9CCB3C38E4F1}.AppStore|x64.ActiveCfg = Debug|Any CPU
		{1944EA59-0AB8-4B6D-81C2-9CCB3C38E4F1}.AppStore|x64.Build.0 = Debug|Any CPU
		{1944EA59-0AB8-4B6D-81C2-9CCB3C38E4F1}.AppStore|x86.ActiveCfg = Debug|Any CPU
		{1944EA59-0AB8-4B6D-81C2-9CCB3C38E4F1}.AppStore|x86.Build.0 = Debug|Any CPU
		{1944EA59-0AB8-4B6D-81C2-9CCB3C38E4F1}.Debug|Any CPU.ActiveCfg = Debug|Any CPU
		{1944EA59-0AB8-4B6D-81C2-9CCB3C38E4F1}.Debug|Any CPU.Build.0 = Debug|Any CPU
		{1944EA59-0AB8-4B6D-81C2-9CCB3C38E4F1}.Debug|ARM.ActiveCfg = Debug|Any CPU
		{1944EA59-0AB8-4B6D-81C2-9CCB3C38E4F1}.Debug|ARM.Build.0 = Debug|Any CPU
		{1944EA59-0AB8-4B6D-81C2-9CCB3C38E4F1}.Debug|iPhone.ActiveCfg = Debug|Any CPU
		{1944EA59-0AB8-4B6D-81C2-9CCB3C38E4F1}.Debug|iPhone.Build.0 = Debug|Any CPU
		{1944EA59-0AB8-4B6D-81C2-9CCB3C38E4F1}.Debug|iPhoneSimulator.ActiveCfg = Debug|Any CPU
		{1944EA59-0AB8-4B6D-81C2-9CCB3C38E4F1}.Debug|iPhoneSimulator.Build.0 = Debug|Any CPU
		{1944EA59-0AB8-4B6D-81C2-9CCB3C38E4F1}.Debug|x64.ActiveCfg = Debug|Any CPU
		{1944EA59-0AB8-4B6D-81C2-9CCB3C38E4F1}.Debug|x64.Build.0 = Debug|Any CPU
		{1944EA59-0AB8-4B6D-81C2-9CCB3C38E4F1}.Debug|x86.ActiveCfg = Debug|Any CPU
		{1944EA59-0AB8-4B6D-81C2-9CCB3C38E4F1}.Debug|x86.Build.0 = Debug|Any CPU
		{1944EA59-0AB8-4B6D-81C2-9CCB3C38E4F1}.Release_Delay_Sign|Any CPU.ActiveCfg = Debug|Any CPU
		{1944EA59-0AB8-4B6D-81C2-9CCB3C38E4F1}.Release_Delay_Sign|Any CPU.Build.0 = Debug|Any CPU
		{1944EA59-0AB8-4B6D-81C2-9CCB3C38E4F1}.Release_Delay_Sign|ARM.ActiveCfg = Debug|Any CPU
		{1944EA59-0AB8-4B6D-81C2-9CCB3C38E4F1}.Release_Delay_Sign|ARM.Build.0 = Debug|Any CPU
		{1944EA59-0AB8-4B6D-81C2-9CCB3C38E4F1}.Release_Delay_Sign|iPhone.ActiveCfg = Debug|Any CPU
		{1944EA59-0AB8-4B6D-81C2-9CCB3C38E4F1}.Release_Delay_Sign|iPhone.Build.0 = Debug|Any CPU
		{1944EA59-0AB8-4B6D-81C2-9CCB3C38E4F1}.Release_Delay_Sign|iPhoneSimulator.ActiveCfg = Debug|Any CPU
		{1944EA59-0AB8-4B6D-81C2-9CCB3C38E4F1}.Release_Delay_Sign|iPhoneSimulator.Build.0 = Debug|Any CPU
		{1944EA59-0AB8-4B6D-81C2-9CCB3C38E4F1}.Release_Delay_Sign|x64.ActiveCfg = Debug|Any CPU
		{1944EA59-0AB8-4B6D-81C2-9CCB3C38E4F1}.Release_Delay_Sign|x64.Build.0 = Debug|Any CPU
		{1944EA59-0AB8-4B6D-81C2-9CCB3C38E4F1}.Release_Delay_Sign|x86.ActiveCfg = Debug|Any CPU
		{1944EA59-0AB8-4B6D-81C2-9CCB3C38E4F1}.Release_Delay_Sign|x86.Build.0 = Debug|Any CPU
		{1944EA59-0AB8-4B6D-81C2-9CCB3C38E4F1}.Release|Any CPU.ActiveCfg = Debug|Any CPU
		{1944EA59-0AB8-4B6D-81C2-9CCB3C38E4F1}.Release|Any CPU.Build.0 = Debug|Any CPU
		{1944EA59-0AB8-4B6D-81C2-9CCB3C38E4F1}.Release|ARM.ActiveCfg = Debug|Any CPU
		{1944EA59-0AB8-4B6D-81C2-9CCB3C38E4F1}.Release|ARM.Build.0 = Debug|Any CPU
		{1944EA59-0AB8-4B6D-81C2-9CCB3C38E4F1}.Release|iPhone.ActiveCfg = Debug|Any CPU
		{1944EA59-0AB8-4B6D-81C2-9CCB3C38E4F1}.Release|iPhone.Build.0 = Debug|Any CPU
		{1944EA59-0AB8-4B6D-81C2-9CCB3C38E4F1}.Release|iPhoneSimulator.ActiveCfg = Debug|Any CPU
		{1944EA59-0AB8-4B6D-81C2-9CCB3C38E4F1}.Release|iPhoneSimulator.Build.0 = Debug|Any CPU
		{1944EA59-0AB8-4B6D-81C2-9CCB3C38E4F1}.Release|x64.ActiveCfg = Debug|Any CPU
		{1944EA59-0AB8-4B6D-81C2-9CCB3C38E4F1}.Release|x64.Build.0 = Debug|Any CPU
		{1944EA59-0AB8-4B6D-81C2-9CCB3C38E4F1}.Release|x86.ActiveCfg = Debug|Any CPU
		{1944EA59-0AB8-4B6D-81C2-9CCB3C38E4F1}.Release|x86.Build.0 = Debug|Any CPU
	EndGlobalSection
	GlobalSection(SolutionProperties) = preSolution
		HideSolutionNode = FALSE
	EndGlobalSection
	GlobalSection(NestedProjects) = preSolution
		{A8BA1066-5695-4D71-ABB4-65E5A5E0C3D4} = {70587EF7-1662-4261-866F-1CE3D412804C}
		{2220E485-E3BF-48FD-A3BF-4BF00F01268E} = {70587EF7-1662-4261-866F-1CE3D412804C}
		{872177E1-2F8F-4217-A809-790FDC643CBF} = {2220E485-E3BF-48FD-A3BF-4BF00F01268E}
		{07F9E8FD-2068-46C6-85EB-6A322EE70A6A} = {2220E485-E3BF-48FD-A3BF-4BF00F01268E}
		{EE9E711F-2D5F-449C-BD52-940197AAE051} = {2220E485-E3BF-48FD-A3BF-4BF00F01268E}
		{755F6EA7-6C73-42B7-82B7-6460D55E43FB} = {2220E485-E3BF-48FD-A3BF-4BF00F01268E}
		{53A7FF93-E9F0-4C7C-8F46-6E5D1E1B6B2C} = {755F6EA7-6C73-42B7-82B7-6460D55E43FB}
		{2EEDEE85-ECB2-4092-9BA7-8E99F5EF74CE} = {70587EF7-1662-4261-866F-1CE3D412804C}
		{30C97DB5-FFBC-4ECC-970F-6D6DE5F175A4} = {2EEDEE85-ECB2-4092-9BA7-8E99F5EF74CE}
		{392A8784-33D7-42F4-9552-AD8C4BE2B555} = {70587EF7-1662-4261-866F-1CE3D412804C}
		{9CEB4F3D-2A60-4C44-A976-A111E374FF45} = {392A8784-33D7-42F4-9552-AD8C4BE2B555}
		{9897D79A-FBD1-49FA-921E-43E50759761B} = {2220E485-E3BF-48FD-A3BF-4BF00F01268E}
		{1944EA59-0AB8-4B6D-81C2-9CCB3C38E4F1} = {9897D79A-FBD1-49FA-921E-43E50759761B}
	EndGlobalSection
	GlobalSection(ExtensibilityGlobals) = postSolution
		EnterpriseLibraryConfigurationToolBinariesPathV6 = packages\EnterpriseLibrary.TransientFaultHandling.6.0.1304.0\lib\portable-net45+win+wp8
	EndGlobalSection
EndGlobal
